
Microsoft Visual Studio Solution File, Format Version 12.00
# Visual Studio Version 16
VisualStudioVersion = 16.0.30503.244
MinimumVisualStudioVersion = 10.0.40219.1
Project("{8BC9CEB8-8B4A-11D0-8D11-00A0C91BC942}") = "Files", "Files\Files.vcxproj", "{9C81D6A1-F384-4919-9934-7C284F3378DB}"
EndProject
Project("{8BC9CEB8-8B4A-11D0-8D11-00A0C91BC942}") = "Workshop", "Workshop\Workshop.vcxproj", "{0D03355D-95A0-4FF8-8EBE-7BB09748A3F3}"
EndProject
Project("{8BC9CEB8-8B4A-11D0-8D11-00A0C91BC942}") = "Containers", "Containers\Containers.vcxproj", "{D3DD14E4-A444-4C7F-8180-00D52C6183C6}"
EndProject
Project("{8BC9CEB8-8B4A-11D0-8D11-00A0C91BC942}") = "Polymorphism", "Polymorphism\Polymorphism.vcxproj", "{F88D9F83-3D53-4124-9349-D9C792ACA559}"
EndProject
Project("{8BC9CEB8-8B4A-11D0-8D11-00A0C91BC942}") = "Inheritance", "Inheritance\Inheritance.vcxproj", "{F3D7388C-7CAF-42CC-9961-95F6AEE6639F}"
EndProject
Project("{8BC9CEB8-8B4A-11D0-8D11-00A0C91BC942}") = "CRTP", "CRTP\CRTP.vcxproj", "{41E6C94E-F685-4253-A2F2-19D5CB48DC93}"
EndProject
Project("{8BC9CEB8-8B4A-11D0-8D11-00A0C91BC942}") = "Move", "Move\Move.vcxproj", "{512FE379-B826-4DA5-905D-A9F10AD8F570}"
EndProject
Project("{8BC9CEB8-8B4A-11D0-8D11-00A0C91BC942}") = "PerfectForwarding", "PerfectForwarding\PerfectForwarding.vcxproj", "{CB4807B0-B657-45FF-9658-3F1C8B425F5B}"
EndProject
Project("{8BC9CEB8-8B4A-11D0-8D11-00A0C91BC942}") = "Covariant", "Covariant\Covariant.vcxproj", "{48A3FEA0-F35F-43E2-A07C-8B8DF6F8CB5D}"
EndProject
Project("{8BC9CEB8-8B4A-11D0-8D11-00A0C91BC942}") = "DoubleDispatchVisitor", "DoubleDispatchVisitor\DoubleDispatchVisitor.vcxproj", "{1420D155-D7D4-4BD6-B086-F9130E6D4D31}"
EndProject
Project("{8BC9CEB8-8B4A-11D0-8D11-00A0C91BC942}") = "Threading", "Threading\Threading.vcxproj", "{234D86D6-D8F5-42DD-8764-AC8068C3CE25}"
EndProject
Project("{8BC9CEB8-8B4A-11D0-8D11-00A0C91BC942}") = "VariadicTemplate", "VariadicTemplate\VariadicTemplate.vcxproj", "{6FECE23A-6348-4552-B2E7-38C061C4A408}"
EndProject
Project("{8BC9CEB8-8B4A-11D0-8D11-00A0C91BC942}") = "ThreadSafeQueue", "ThreadSafeQueue\ThreadSafeQueue.vcxproj", "{14F0F18C-31D3-4473-9D04-F0D7361A0E4E}"
EndProject
Project("{8BC9CEB8-8B4A-11D0-8D11-00A0C91BC942}") = "TypeDeduction", "TypeDeduction\TypeDeduction.vcxproj", "{C429E9A1-52E3-496E-B7A6-95F654E4D226}"
EndProject
Project("{8BC9CEB8-8B4A-11D0-8D11-00A0C91BC942}") = "CodeAnalysis", "CodeAnalysis\CodeAnalysis.vcxproj", "{B8366918-E29C-415E-A7C9-109250027A40}"
EndProject
Project("{8BC9CEB8-8B4A-11D0-8D11-00A0C91BC942}") = "Logger", "Logger\Logger.vcxproj", "{08019B9C-A39B-4A97-915C-0BE274A0978C}"
EndProject
Project("{8BC9CEB8-8B4A-11D0-8D11-00A0C91BC942}") = "LoggerTest", "LoggerTest\LoggerTest.vcxproj", "{E581BD75-3E09-4084-96C5-3262D16EE790}"
EndProject
Project("{8BC9CEB8-8B4A-11D0-8D11-00A0C91BC942}") = "ChronoPractice", "ChronoPractice\ChronoPractice.vcxproj", "{A6E1D333-96D2-444B-B3E9-443E93FB3793}"
EndProject
Project("{8BC9CEB8-8B4A-11D0-8D11-00A0C91BC942}") = "SharedPointerPractice", "SharedPointerPractice\SharedPointerPractice.vcxproj", "{B9763860-3034-4212-A75D-6EA21CDC7701}"
EndProject
Project("{8BC9CEB8-8B4A-11D0-8D11-00A0C91BC942}") = "ConexprPractice", "ConexprPractice\ConexprPractice.vcxproj", "{4CE73539-44C0-4C6B-8395-19E1DB141098}"
EndProject
Project("{8BC9CEB8-8B4A-11D0-8D11-00A0C91BC942}") = "Lambda", "Lambda\Lambda.vcxproj", "{B69FD644-1A79-4043-A14A-F20FB49C6899}"
EndProject
Global
	GlobalSection(SolutionConfigurationPlatforms) = preSolution
		Debug|x64 = Debug|x64
		Debug|x86 = Debug|x86
		Release|x64 = Release|x64
		Release|x86 = Release|x86
	EndGlobalSection
	GlobalSection(ProjectConfigurationPlatforms) = postSolution
		{9C81D6A1-F384-4919-9934-7C284F3378DB}.Debug|x64.ActiveCfg = Debug|x64
		{9C81D6A1-F384-4919-9934-7C284F3378DB}.Debug|x64.Build.0 = Debug|x64
		{9C81D6A1-F384-4919-9934-7C284F3378DB}.Debug|x86.ActiveCfg = Debug|x64
		{9C81D6A1-F384-4919-9934-7C284F3378DB}.Debug|x86.Build.0 = Debug|x64
		{9C81D6A1-F384-4919-9934-7C284F3378DB}.Release|x64.ActiveCfg = Release|x64
		{9C81D6A1-F384-4919-9934-7C284F3378DB}.Release|x64.Build.0 = Release|x64
		{9C81D6A1-F384-4919-9934-7C284F3378DB}.Release|x86.ActiveCfg = Release|Win32
		{9C81D6A1-F384-4919-9934-7C284F3378DB}.Release|x86.Build.0 = Release|Win32
		{0D03355D-95A0-4FF8-8EBE-7BB09748A3F3}.Debug|x64.ActiveCfg = Debug|x64
		{0D03355D-95A0-4FF8-8EBE-7BB09748A3F3}.Debug|x64.Build.0 = Debug|x64
		{0D03355D-95A0-4FF8-8EBE-7BB09748A3F3}.Debug|x86.ActiveCfg = Debug|Win32
		{0D03355D-95A0-4FF8-8EBE-7BB09748A3F3}.Debug|x86.Build.0 = Debug|Win32
		{0D03355D-95A0-4FF8-8EBE-7BB09748A3F3}.Release|x64.ActiveCfg = Release|x64
		{0D03355D-95A0-4FF8-8EBE-7BB09748A3F3}.Release|x64.Build.0 = Release|x64
		{0D03355D-95A0-4FF8-8EBE-7BB09748A3F3}.Release|x86.ActiveCfg = Release|Win32
		{0D03355D-95A0-4FF8-8EBE-7BB09748A3F3}.Release|x86.Build.0 = Release|Win32
		{D3DD14E4-A444-4C7F-8180-00D52C6183C6}.Debug|x64.ActiveCfg = Debug|x64
		{D3DD14E4-A444-4C7F-8180-00D52C6183C6}.Debug|x64.Build.0 = Debug|x64
		{D3DD14E4-A444-4C7F-8180-00D52C6183C6}.Debug|x86.ActiveCfg = Debug|Win32
		{D3DD14E4-A444-4C7F-8180-00D52C6183C6}.Debug|x86.Build.0 = Debug|Win32
		{D3DD14E4-A444-4C7F-8180-00D52C6183C6}.Release|x64.ActiveCfg = Release|x64
		{D3DD14E4-A444-4C7F-8180-00D52C6183C6}.Release|x64.Build.0 = Release|x64
		{D3DD14E4-A444-4C7F-8180-00D52C6183C6}.Release|x86.ActiveCfg = Release|Win32
		{D3DD14E4-A444-4C7F-8180-00D52C6183C6}.Release|x86.Build.0 = Release|Win32
		{F88D9F83-3D53-4124-9349-D9C792ACA559}.Debug|x64.ActiveCfg = Debug|x64
		{F88D9F83-3D53-4124-9349-D9C792ACA559}.Debug|x64.Build.0 = Debug|x64
		{F88D9F83-3D53-4124-9349-D9C792ACA559}.Debug|x86.ActiveCfg = Debug|Win32
		{F88D9F83-3D53-4124-9349-D9C792ACA559}.Debug|x86.Build.0 = Debug|Win32
		{F88D9F83-3D53-4124-9349-D9C792ACA559}.Release|x64.ActiveCfg = Release|x64
		{F88D9F83-3D53-4124-9349-D9C792ACA559}.Release|x64.Build.0 = Release|x64
		{F88D9F83-3D53-4124-9349-D9C792ACA559}.Release|x86.ActiveCfg = Release|Win32
		{F88D9F83-3D53-4124-9349-D9C792ACA559}.Release|x86.Build.0 = Release|Win32
		{F3D7388C-7CAF-42CC-9961-95F6AEE6639F}.Debug|x64.ActiveCfg = Debug|x64
		{F3D7388C-7CAF-42CC-9961-95F6AEE6639F}.Debug|x64.Build.0 = Debug|x64
		{F3D7388C-7CAF-42CC-9961-95F6AEE6639F}.Debug|x86.ActiveCfg = Debug|Win32
		{F3D7388C-7CAF-42CC-9961-95F6AEE6639F}.Debug|x86.Build.0 = Debug|Win32
		{F3D7388C-7CAF-42CC-9961-95F6AEE6639F}.Release|x64.ActiveCfg = Release|x64
		{F3D7388C-7CAF-42CC-9961-95F6AEE6639F}.Release|x64.Build.0 = Release|x64
		{F3D7388C-7CAF-42CC-9961-95F6AEE6639F}.Release|x86.ActiveCfg = Release|Win32
		{F3D7388C-7CAF-42CC-9961-95F6AEE6639F}.Release|x86.Build.0 = Release|Win32
		{41E6C94E-F685-4253-A2F2-19D5CB48DC93}.Debug|x64.ActiveCfg = Debug|x64
		{41E6C94E-F685-4253-A2F2-19D5CB48DC93}.Debug|x64.Build.0 = Debug|x64
		{41E6C94E-F685-4253-A2F2-19D5CB48DC93}.Debug|x86.ActiveCfg = Debug|Win32
		{41E6C94E-F685-4253-A2F2-19D5CB48DC93}.Debug|x86.Build.0 = Debug|Win32
		{41E6C94E-F685-4253-A2F2-19D5CB48DC93}.Release|x64.ActiveCfg = Release|x64
		{41E6C94E-F685-4253-A2F2-19D5CB48DC93}.Release|x64.Build.0 = Release|x64
		{41E6C94E-F685-4253-A2F2-19D5CB48DC93}.Release|x86.ActiveCfg = Release|Win32
		{41E6C94E-F685-4253-A2F2-19D5CB48DC93}.Release|x86.Build.0 = Release|Win32
		{512FE379-B826-4DA5-905D-A9F10AD8F570}.Debug|x64.ActiveCfg = Debug|x64
		{512FE379-B826-4DA5-905D-A9F10AD8F570}.Debug|x64.Build.0 = Debug|x64
		{512FE379-B826-4DA5-905D-A9F10AD8F570}.Debug|x86.ActiveCfg = Debug|Win32
		{512FE379-B826-4DA5-905D-A9F10AD8F570}.Debug|x86.Build.0 = Debug|Win32
		{512FE379-B826-4DA5-905D-A9F10AD8F570}.Release|x64.ActiveCfg = Release|x64
		{512FE379-B826-4DA5-905D-A9F10AD8F570}.Release|x64.Build.0 = Release|x64
		{512FE379-B826-4DA5-905D-A9F10AD8F570}.Release|x86.ActiveCfg = Release|Win32
		{512FE379-B826-4DA5-905D-A9F10AD8F570}.Release|x86.Build.0 = Release|Win32
		{CB4807B0-B657-45FF-9658-3F1C8B425F5B}.Debug|x64.ActiveCfg = Debug|x64
		{CB4807B0-B657-45FF-9658-3F1C8B425F5B}.Debug|x64.Build.0 = Debug|x64
		{CB4807B0-B657-45FF-9658-3F1C8B425F5B}.Debug|x86.ActiveCfg = Debug|Win32
		{CB4807B0-B657-45FF-9658-3F1C8B425F5B}.Debug|x86.Build.0 = Debug|Win32
		{CB4807B0-B657-45FF-9658-3F1C8B425F5B}.Release|x64.ActiveCfg = Release|x64
		{CB4807B0-B657-45FF-9658-3F1C8B425F5B}.Release|x64.Build.0 = Release|x64
		{CB4807B0-B657-45FF-9658-3F1C8B425F5B}.Release|x86.ActiveCfg = Release|Win32
		{CB4807B0-B657-45FF-9658-3F1C8B425F5B}.Release|x86.Build.0 = Release|Win32
		{48A3FEA0-F35F-43E2-A07C-8B8DF6F8CB5D}.Debug|x64.ActiveCfg = Debug|x64
		{48A3FEA0-F35F-43E2-A07C-8B8DF6F8CB5D}.Debug|x64.Build.0 = Debug|x64
		{48A3FEA0-F35F-43E2-A07C-8B8DF6F8CB5D}.Debug|x86.ActiveCfg = Debug|Win32
		{48A3FEA0-F35F-43E2-A07C-8B8DF6F8CB5D}.Debug|x86.Build.0 = Debug|Win32
		{48A3FEA0-F35F-43E2-A07C-8B8DF6F8CB5D}.Release|x64.ActiveCfg = Release|x64
		{48A3FEA0-F35F-43E2-A07C-8B8DF6F8CB5D}.Release|x64.Build.0 = Release|x64
		{48A3FEA0-F35F-43E2-A07C-8B8DF6F8CB5D}.Release|x86.ActiveCfg = Release|Win32
		{48A3FEA0-F35F-43E2-A07C-8B8DF6F8CB5D}.Release|x86.Build.0 = Release|Win32
		{1420D155-D7D4-4BD6-B086-F9130E6D4D31}.Debug|x64.ActiveCfg = Debug|x64
		{1420D155-D7D4-4BD6-B086-F9130E6D4D31}.Debug|x64.Build.0 = Debug|x64
		{1420D155-D7D4-4BD6-B086-F9130E6D4D31}.Debug|x86.ActiveCfg = Debug|Win32
		{1420D155-D7D4-4BD6-B086-F9130E6D4D31}.Debug|x86.Build.0 = Debug|Win32
		{1420D155-D7D4-4BD6-B086-F9130E6D4D31}.Release|x64.ActiveCfg = Release|x64
		{1420D155-D7D4-4BD6-B086-F9130E6D4D31}.Release|x64.Build.0 = Release|x64
		{1420D155-D7D4-4BD6-B086-F9130E6D4D31}.Release|x86.ActiveCfg = Release|Win32
		{1420D155-D7D4-4BD6-B086-F9130E6D4D31}.Release|x86.Build.0 = Release|Win32
		{234D86D6-D8F5-42DD-8764-AC8068C3CE25}.Debug|x64.ActiveCfg = Debug|x64
		{234D86D6-D8F5-42DD-8764-AC8068C3CE25}.Debug|x64.Build.0 = Debug|x64
		{234D86D6-D8F5-42DD-8764-AC8068C3CE25}.Debug|x86.ActiveCfg = Debug|Win32
		{234D86D6-D8F5-42DD-8764-AC8068C3CE25}.Debug|x86.Build.0 = Debug|Win32
		{234D86D6-D8F5-42DD-8764-AC8068C3CE25}.Release|x64.ActiveCfg = Release|x64
		{234D86D6-D8F5-42DD-8764-AC8068C3CE25}.Release|x64.Build.0 = Release|x64
		{234D86D6-D8F5-42DD-8764-AC8068C3CE25}.Release|x86.ActiveCfg = Release|Win32
		{234D86D6-D8F5-42DD-8764-AC8068C3CE25}.Release|x86.Build.0 = Release|Win32
		{6FECE23A-6348-4552-B2E7-38C061C4A408}.Debug|x64.ActiveCfg = Debug|x64
		{6FECE23A-6348-4552-B2E7-38C061C4A408}.Debug|x64.Build.0 = Debug|x64
		{6FECE23A-6348-4552-B2E7-38C061C4A408}.Debug|x86.ActiveCfg = Debug|Win32
		{6FECE23A-6348-4552-B2E7-38C061C4A408}.Debug|x86.Build.0 = Debug|Win32
		{6FECE23A-6348-4552-B2E7-38C061C4A408}.Release|x64.ActiveCfg = Release|x64
		{6FECE23A-6348-4552-B2E7-38C061C4A408}.Release|x64.Build.0 = Release|x64
		{6FECE23A-6348-4552-B2E7-38C061C4A408}.Release|x86.ActiveCfg = Release|Win32
		{6FECE23A-6348-4552-B2E7-38C061C4A408}.Release|x86.Build.0 = Release|Win32
		{14F0F18C-31D3-4473-9D04-F0D7361A0E4E}.Debug|x64.ActiveCfg = Debug|x64
		{14F0F18C-31D3-4473-9D04-F0D7361A0E4E}.Debug|x64.Build.0 = Debug|x64
		{14F0F18C-31D3-4473-9D04-F0D7361A0E4E}.Debug|x86.ActiveCfg = Debug|Win32
		{14F0F18C-31D3-4473-9D04-F0D7361A0E4E}.Debug|x86.Build.0 = Debug|Win32
		{14F0F18C-31D3-4473-9D04-F0D7361A0E4E}.Release|x64.ActiveCfg = Release|x64
		{14F0F18C-31D3-4473-9D04-F0D7361A0E4E}.Release|x64.Build.0 = Release|x64
		{14F0F18C-31D3-4473-9D04-F0D7361A0E4E}.Release|x86.ActiveCfg = Release|Win32
		{14F0F18C-31D3-4473-9D04-F0D7361A0E4E}.Release|x86.Build.0 = Release|Win32
		{C429E9A1-52E3-496E-B7A6-95F654E4D226}.Debug|x64.ActiveCfg = Debug|x64
		{C429E9A1-52E3-496E-B7A6-95F654E4D226}.Debug|x64.Build.0 = Debug|x64
		{C429E9A1-52E3-496E-B7A6-95F654E4D226}.Debug|x86.ActiveCfg = Debug|Win32
		{C429E9A1-52E3-496E-B7A6-95F654E4D226}.Debug|x86.Build.0 = Debug|Win32
		{C429E9A1-52E3-496E-B7A6-95F654E4D226}.Release|x64.ActiveCfg = Release|x64
		{C429E9A1-52E3-496E-B7A6-95F654E4D226}.Release|x64.Build.0 = Release|x64
		{C429E9A1-52E3-496E-B7A6-95F654E4D226}.Release|x86.ActiveCfg = Release|Win32
		{C429E9A1-52E3-496E-B7A6-95F654E4D226}.Release|x86.Build.0 = Release|Win32
		{B8366918-E29C-415E-A7C9-109250027A40}.Debug|x64.ActiveCfg = Debug|x64
		{B8366918-E29C-415E-A7C9-109250027A40}.Debug|x64.Build.0 = Debug|x64
		{B8366918-E29C-415E-A7C9-109250027A40}.Debug|x86.ActiveCfg = Debug|Win32
		{B8366918-E29C-415E-A7C9-109250027A40}.Debug|x86.Build.0 = Debug|Win32
		{B8366918-E29C-415E-A7C9-109250027A40}.Release|x64.ActiveCfg = Release|x64
		{B8366918-E29C-415E-A7C9-109250027A40}.Release|x64.Build.0 = Release|x64
		{B8366918-E29C-415E-A7C9-109250027A40}.Release|x86.ActiveCfg = Release|Win32
		{B8366918-E29C-415E-A7C9-109250027A40}.Release|x86.Build.0 = Release|Win32
		{08019B9C-A39B-4A97-915C-0BE274A0978C}.Debug|x64.ActiveCfg = Debug|x64
		{08019B9C-A39B-4A97-915C-0BE274A0978C}.Debug|x64.Build.0 = Debug|x64
		{08019B9C-A39B-4A97-915C-0BE274A0978C}.Debug|x86.ActiveCfg = Debug|Win32
		{08019B9C-A39B-4A97-915C-0BE274A0978C}.Debug|x86.Build.0 = Debug|Win32
		{08019B9C-A39B-4A97-915C-0BE274A0978C}.Release|x64.ActiveCfg = Release|x64
		{08019B9C-A39B-4A97-915C-0BE274A0978C}.Release|x64.Build.0 = Release|x64
		{08019B9C-A39B-4A97-915C-0BE274A0978C}.Release|x86.ActiveCfg = Release|Win32
		{08019B9C-A39B-4A97-915C-0BE274A0978C}.Release|x86.Build.0 = Release|Win32
		{E581BD75-3E09-4084-96C5-3262D16EE790}.Debug|x64.ActiveCfg = Debug|x64
		{E581BD75-3E09-4084-96C5-3262D16EE790}.Debug|x64.Build.0 = Debug|x64
		{E581BD75-3E09-4084-96C5-3262D16EE790}.Debug|x86.ActiveCfg = Debug|Win32
		{E581BD75-3E09-4084-96C5-3262D16EE790}.Debug|x86.Build.0 = Debug|Win32
		{E581BD75-3E09-4084-96C5-3262D16EE790}.Release|x64.ActiveCfg = Release|x64
		{E581BD75-3E09-4084-96C5-3262D16EE790}.Release|x64.Build.0 = Release|x64
		{E581BD75-3E09-4084-96C5-3262D16EE790}.Release|x86.ActiveCfg = Release|Win32
		{E581BD75-3E09-4084-96C5-3262D16EE790}.Release|x86.Build.0 = Release|Win32
		{A6E1D333-96D2-444B-B3E9-443E93FB3793}.Debug|x64.ActiveCfg = Debug|x64
		{A6E1D333-96D2-444B-B3E9-443E93FB3793}.Debug|x64.Build.0 = Debug|x64
		{A6E1D333-96D2-444B-B3E9-443E93FB3793}.Debug|x86.ActiveCfg = Debug|Win32
		{A6E1D333-96D2-444B-B3E9-443E93FB3793}.Debug|x86.Build.0 = Debug|Win32
		{A6E1D333-96D2-444B-B3E9-443E93FB3793}.Release|x64.ActiveCfg = Release|x64
		{A6E1D333-96D2-444B-B3E9-443E93FB3793}.Release|x64.Build.0 = Release|x64
		{A6E1D333-96D2-444B-B3E9-443E93FB3793}.Release|x86.ActiveCfg = Release|Win32
		{A6E1D333-96D2-444B-B3E9-443E93FB3793}.Release|x86.Build.0 = Release|Win32
		{B9763860-3034-4212-A75D-6EA21CDC7701}.Debug|x64.ActiveCfg = Debug|x64
		{B9763860-3034-4212-A75D-6EA21CDC7701}.Debug|x64.Build.0 = Debug|x64
		{B9763860-3034-4212-A75D-6EA21CDC7701}.Debug|x86.ActiveCfg = Debug|Win32
		{B9763860-3034-4212-A75D-6EA21CDC7701}.Debug|x86.Build.0 = Debug|Win32
		{B9763860-3034-4212-A75D-6EA21CDC7701}.Release|x64.ActiveCfg = Release|x64
		{B9763860-3034-4212-A75D-6EA21CDC7701}.Release|x64.Build.0 = Release|x64
		{B9763860-3034-4212-A75D-6EA21CDC7701}.Release|x86.ActiveCfg = Release|Win32
		{B9763860-3034-4212-A75D-6EA21CDC7701}.Release|x86.Build.0 = Release|Win32
		{4CE73539-44C0-4C6B-8395-19E1DB141098}.Debug|x64.ActiveCfg = Debug|x64
		{4CE73539-44C0-4C6B-8395-19E1DB141098}.Debug|x64.Build.0 = Debug|x64
		{4CE73539-44C0-4C6B-8395-19E1DB141098}.Debug|x86.ActiveCfg = Debug|Win32
		{4CE73539-44C0-4C6B-8395-19E1DB141098}.Debug|x86.Build.0 = Debug|Win32
		{4CE73539-44C0-4C6B-8395-19E1DB141098}.Release|x64.ActiveCfg = Release|x64
		{4CE73539-44C0-4C6B-8395-19E1DB141098}.Release|x64.Build.0 = Release|x64
		{4CE73539-44C0-4C6B-8395-19E1DB141098}.Release|x86.ActiveCfg = Release|Win32
		{4CE73539-44C0-4C6B-8395-19E1DB141098}.Release|x86.Build.0 = Release|Win32
		{B69FD644-1A79-4043-A14A-F20FB49C6899}.Debug|x64.ActiveCfg = Debug|x64
		{B69FD644-1A79-4043-A14A-F20FB49C6899}.Debug|x64.Build.0 = Debug|x64
		{B69FD644-1A79-4043-A14A-F20FB49C6899}.Debug|x86.ActiveCfg = Debug|Win32
		{B69FD644-1A79-4043-A14A-F20FB49C6899}.Debug|x86.Build.0 = Debug|Win32
		{B69FD644-1A79-4043-A14A-F20FB49C6899}.Release|x64.ActiveCfg = Release|x64
		{B69FD644-1A79-4043-A14A-F20FB49C6899}.Release|x64.Build.0 = Release|x64
		{B69FD644-1A79-4043-A14A-F20FB49C6899}.Release|x86.ActiveCfg = Release|Win32
		{B69FD644-1A79-4043-A14A-F20FB49C6899}.Release|x86.Build.0 = Release|Win32
	EndGlobalSection
	GlobalSection(SolutionProperties) = preSolution
		HideSolutionNode = FALSE
	EndGlobalSection
	GlobalSection(ExtensibilityGlobals) = postSolution
		SolutionGuid = {7F10BB54-8CAB-4CE5-820D-537016138A33}
	EndGlobalSection
EndGlobal
